
Microsoft Visual Studio Solution File, Format Version 12.00
# Visual Studio Version 16
VisualStudioVersion = 16.0.30804.86
MinimumVisualStudioVersion = 10.0.40219.1
Project("{FAE04EC0-301F-11D3-BF4B-00C04F79EFBC}") = "LoginWPF.App", "LoginWPF\LoginWPF.App.csproj", "{FE1D4B52-54E9-468F-B79A-94A2B748CCD3}"
EndProject
Project("{FAE04EC0-301F-11D3-BF4B-00C04F79EFBC}") = "Login.DataLayer", "Login.DataLayer\Login.DataLayer.csproj", "{C80FAEE8-DE6D-46B8-877E-5A89E2829116}"
EndProject
Global
	GlobalSection(SolutionConfigurationPlatforms) = preSolution
		Debug|Any CPU = Debug|Any CPU
		Release|Any CPU = Release|Any CPU
	EndGlobalSection
	GlobalSection(ProjectConfigurationPlatforms) = postSolution
		{FE1D4B52-54E9-468F-B79A-94A2B748CCD3}.Debug|Any CPU.ActiveCfg = Debug|Any CPU
		{FE1D4B52-54E9-468F-B79A-94A2B748CCD3}.Debug|Any CPU.Build.0 = Debug|Any CPU
		{FE1D4B52-54E9-468F-B79A-94A2B748CCD3}.Release|Any CPU.ActiveCfg = Release|Any CPU
		{FE1D4B52-54E9-468F-B79A-94A2B748CCD3}.Release|Any CPU.Build.0 = Release|Any CPU
		{C80FAEE8-DE6D-46B8-877E-5A89E2829116}.Debug|Any CPU.ActiveCfg = Debug|Any CPU
		{C80FAEE8-DE6D-46B8-877E-5A89E2829116}.Debug|Any CPU.Build.0 = Debug|Any CPU
		{C80FAEE8-DE6D-46B8-877E-5A89E2829116}.Release|Any CPU.ActiveCfg = Release|Any CPU
		{C80FAEE8-DE6D-46B8-877E-5A89E2829116}.Release|Any CPU.Build.0 = Release|Any CPU
	EndGlobalSection
	GlobalSection(SolutionProperties) = preSolution
		HideSolutionNode = FALSE
	EndGlobalSection
	GlobalSection(ExtensibilityGlobals) = postSolution
		SolutionGuid = {E5762BFA-8F51-42AE-981E-D7DCBD69DA13}
	EndGlobalSection
EndGlobal
